
Microsoft Visual Studio Solution File, Format Version 12.00
# Visual Studio 15
VisualStudioVersion = 15.0.28307.757
MinimumVisualStudioVersion = 10.0.40219.1
Project("{8BC9CEB8-8B4A-11D0-8D11-00A0C91BC942}") = "learn-cpp", "learn-cpp\learn-cpp.vcxproj", "{2E192D16-C971-4F41-BFB0-48BA28319400}"
EndProject
Global
	GlobalSection(SolutionConfigurationPlatforms) = preSolution
		Debug|x64 = Debug|x64
		Debug|x86 = Debug|x86
		Release|x64 = Release|x64
		Release|x86 = Release|x86
	EndGlobalSection
	GlobalSection(ProjectConfigurationPlatforms) = postSolution
		{2E192D16-C971-4F41-BFB0-48BA28319400}.Debug|x64.ActiveCfg = Debug|x64
		{2E192D16-C971-4F41-BFB0-48BA28319400}.Debug|x64.Build.0 = Debug|x64
		{2E192D16-C971-4F41-BFB0-48BA28319400}.Debug|x86.ActiveCfg = Debug|Win32
		{2E192D16-C971-4F41-BFB0-48BA28319400}.Debug|x86.Build.0 = Debug|Win32
		{2E192D16-C971-4F41-BFB0-48BA28319400}.Release|x64.ActiveCfg = Release|x64
		{2E192D16-C971-4F41-BFB0-48BA28319400}.Release|x64.Build.0 = Release|x64
		{2E192D16-C971-4F41-BFB0-48BA28319400}.Release|x86.ActiveCfg = Release|Win32
		{2E192D16-C971-4F41-BFB0-48BA28319400}.Release|x86.Build.0 = Release|Win32
	EndGlobalSection
	GlobalSection(SolutionProperties) = preSolution
		HideSolutionNode = FALSE
	EndGlobalSection
	GlobalSection(ExtensibilityGlobals) = postSolution
		SolutionGuid = {9B822073-BB51-400A-A4F1-E7D8A01D849A}
	EndGlobalSection
EndGlobal
